
Microsoft Visual Studio Solution File, Format Version 12.00
# Visual Studio 14
VisualStudioVersion = 14.0.23107.0
MinimumVisualStudioVersion = 10.0.40219.1
Project("{8BC9CEB8-8B4A-11D0-8D11-00A0C91BC942}") = "rsa", "rsa\rsa.vcxproj", "{E4A53810-B9C1-46D5-8CF9-E46102E5D834}"
EndProject
Project("{8BC9CEB8-8B4A-11D0-8D11-00A0C91BC942}") = "hw4", "hw4\hw4.vcxproj", "{A5F9B393-DC31-4527-B49B-06D19E0D87F8}"
	ProjectSection(ProjectDependencies) = postProject
		{E4A53810-B9C1-46D5-8CF9-E46102E5D834} = {E4A53810-B9C1-46D5-8CF9-E46102E5D834}
	EndProjectSection
EndProject
Global
	GlobalSection(SolutionConfigurationPlatforms) = preSolution
		Debug|x64 = Debug|x64
		Debug|x86 = Debug|x86
		Release|x64 = Release|x64
		Release|x86 = Release|x86
	EndGlobalSection
	GlobalSection(ProjectConfigurationPlatforms) = postSolution
		{E4A53810-B9C1-46D5-8CF9-E46102E5D834}.Debug|x64.ActiveCfg = Debug|x64
		{E4A53810-B9C1-46D5-8CF9-E46102E5D834}.Debug|x64.Build.0 = Debug|x64
		{E4A53810-B9C1-46D5-8CF9-E46102E5D834}.Debug|x86.ActiveCfg = Debug|Win32
		{E4A53810-B9C1-46D5-8CF9-E46102E5D834}.Debug|x86.Build.0 = Debug|Win32
		{E4A53810-B9C1-46D5-8CF9-E46102E5D834}.Release|x64.ActiveCfg = Release|x64
		{E4A53810-B9C1-46D5-8CF9-E46102E5D834}.Release|x64.Build.0 = Release|x64
		{E4A53810-B9C1-46D5-8CF9-E46102E5D834}.Release|x86.ActiveCfg = Release|Win32
		{E4A53810-B9C1-46D5-8CF9-E46102E5D834}.Release|x86.Build.0 = Release|Win32
		{A5F9B393-DC31-4527-B49B-06D19E0D87F8}.Debug|x64.ActiveCfg = Debug|x64
		{A5F9B393-DC31-4527-B49B-06D19E0D87F8}.Debug|x64.Build.0 = Debug|x64
		{A5F9B393-DC31-4527-B49B-06D19E0D87F8}.Debug|x86.ActiveCfg = Debug|Win32
		{A5F9B393-DC31-4527-B49B-06D19E0D87F8}.Debug|x86.Build.0 = Debug|Win32
		{A5F9B393-DC31-4527-B49B-06D19E0D87F8}.Release|x64.ActiveCfg = Release|x64
		{A5F9B393-DC31-4527-B49B-06D19E0D87F8}.Release|x64.Build.0 = Release|x64
		{A5F9B393-DC31-4527-B49B-06D19E0D87F8}.Release|x86.ActiveCfg = Release|Win32
		{A5F9B393-DC31-4527-B49B-06D19E0D87F8}.Release|x86.Build.0 = Release|Win32
	EndGlobalSection
	GlobalSection(SolutionProperties) = preSolution
		HideSolutionNode = FALSE
	EndGlobalSection
EndGlobal
